
Microsoft Visual Studio Solution File, Format Version 12.00
# Visual Studio Version 17
VisualStudioVersion = 17.5.33530.505
MinimumVisualStudioVersion = 10.0.40219.1
Project("{FAE04EC0-301F-11D3-BF4B-00C04F79EFBC}") = "MusicPlayer", "MusicPlayer.csproj", "{92A8B3F0-808D-49B0-BEF1-4A18753D2960}"
EndProject
Global
	GlobalSection(SolutionConfigurationPlatforms) = preSolution
		Debug|Any CPU = Debug|Any CPU
		Release|Any CPU = Release|Any CPU
	EndGlobalSection
	GlobalSection(ProjectConfigurationPlatforms) = postSolution
		{92A8B3F0-808D-49B0-BEF1-4A18753D2960}.Debug|Any CPU.ActiveCfg = Debug|Any CPU
		{92A8B3F0-808D-49B0-BEF1-4A18753D2960}.Debug|Any CPU.Build.0 = Debug|Any CPU
		{92A8B3F0-808D-49B0-BEF1-4A18753D2960}.Release|Any CPU.ActiveCfg = Release|Any CPU
		{92A8B3F0-808D-49B0-BEF1-4A18753D2960}.Release|Any CPU.Build.0 = Release|Any CPU
	EndGlobalSection
	GlobalSection(SolutionProperties) = preSolution
		HideSolutionNode = FALSE
	EndGlobalSection
	GlobalSection(ExtensibilityGlobals) = postSolution
		SolutionGuid = {A12B320E-2F1D-4E60-843D-E08207A9C7AB}
	EndGlobalSection
EndGlobal
